// !$*UTF8*$!
{
	archiveVersion = 1;
	classes = {
	};
	objectVersion = 46;
	objects = {

/* Begin PBXBuildFile section */
		040A9F551A92508A008A2F2E /* AppDelegate.swift in Sources */ = {isa = PBXBuildFile; fileRef = 040A9F541A92508A008A2F2E /* AppDelegate.swift */; };
		040A9F571A92508A008A2F2E /* ViewController.swift in Sources */ = {isa = PBXBuildFile; fileRef = 040A9F561A92508A008A2F2E /* ViewController.swift */; };
		040A9F5A1A92508A008A2F2E /* Main.storyboard in Resources */ = {isa = PBXBuildFile; fileRef = 040A9F581A92508A008A2F2E /* Main.storyboard */; };
		040A9F5C1A92508A008A2F2E /* Images.xcassets in Resources */ = {isa = PBXBuildFile; fileRef = 040A9F5B1A92508A008A2F2E /* Images.xcassets */; };
		040A9F5F1A92508A008A2F2E /* LaunchScreen.xib in Resources */ = {isa = PBXBuildFile; fileRef = 040A9F5D1A92508A008A2F2E /* LaunchScreen.xib */; };
		040A9F6B1A92508A008A2F2E /* HappinessTests.swift in Sources */ = {isa = PBXBuildFile; fileRef = 040A9F6A1A92508A008A2F2E /* HappinessTests.swift */; };
/* End PBXBuildFile section */

/* Begin PBXContainerItemProxy section */
		040A9F651A92508A008A2F2E /* PBXContainerItemProxy */ = {
			isa = PBXContainerItemProxy;
			containerPortal = 040A9F471A92508A008A2F2E /* Project object */;
			proxyType = 1;
			remoteGlobalIDString = 040A9F4E1A92508A008A2F2E;
			remoteInfo = Happiness;
		};
/* End PBXContainerItemProxy section */

/* Begin PBXFileReference section */
		040A9F4F1A92508A008A2F2E /* Happiness.app */ = {isa = PBXFileReference; explicitFileType = wrapper.application; includeInIndex = 0; path = Happiness.app; sourceTree = BUILT_PRODUCTS_DIR; };
		040A9F531A92508A008A2F2E /* Info.plist */ = {isa = PBXFileReference; lastKnownFileType = text.plist.xml; path = Info.plist; sourceTree = "<group>"; };
		040A9F541A92508A008A2F2E /* AppDelegate.swift */ = {isa = PBXFileReference; lastKnownFileType = sourcecode.swift; path = AppDelegate.swift; sourceTree = "<group>"; };
		040A9F561A92508A008A2F2E /* ViewController.swift */ = {isa = PBXFileReference; lastKnownFileType = sourcecode.swift; path = ViewController.swift; sourceTree = "<group>"; };
		040A9F591A92508A008A2F2E /* Base */ = {isa = PBXFileReference; lastKnownFileType = file.storyboard; name = Base; path = Base.lproj/Main.storyboard; sourceTree = "<group>"; };
		040A9F5B1A92508A008A2F2E /* Images.xcassets */ = {isa = PBXFileReference; lastKnownFileType = folder.assetcatalog; path = Images.xcassets; sourceTree = "<group>"; };
		040A9F5E1A92508A008A2F2E /* Base */ = {isa = PBXFileReference; lastKnownFileType = file.xib; name = Base; path = Base.lproj/LaunchScreen.xib; sourceTree = "<group>"; };
		040A9F641A92508A008A2F2E /* HappinessTests.xctest */ = {isa = PBXFileReference; explicitFileType = wrapper.cfbundle; includeInIndex = 0; path = HappinessTests.xctest; sourceTree = BUILT_PRODUCTS_DIR; };
		040A9F691A92508A008A2F2E /* Info.plist */ = {isa = PBXFileReference; lastKnownFileType = text.plist.xml; path = Info.plist; sourceTree = "<group>"; };
		040A9F6A1A92508A008A2F2E /* HappinessTests.swift */ = {isa = PBXFileReference; lastKnownFileType = sourcecode.swift; path = HappinessTests.swift; sourceTree = "<group>"; };
/* End PBXFileReference section */

/* Begin PBXFrameworksBuildPhase section */
		040A9F4C1A92508A008A2F2E /* Frameworks */ = {
			isa = PBXFrameworksBuildPhase;
			buildActionMask = 2147483647;
			files = (
			);
			runOnlyForDeploymentPostprocessing = 0;
		};
		040A9F611A92508A008A2F2E /* Frameworks */ = {
			isa = PBXFrameworksBuildPhase;
			buildActionMask = 2147483647;
			files = (
			);
			runOnlyForDeploymentPostprocessing = 0;
		};
/* End PBXFrameworksBuildPhase section */

/* Begin PBXGroup section */
		040A9F461A92508A008A2F2E = {
			isa = PBXGroup;
			children = (
				040A9F511A92508A008A2F2E /* Happiness */,
				040A9F671A92508A008A2F2E /* HappinessTests */,
				040A9F501A92508A008A2F2E /* Products */,
			);
			sourceTree = "<group>";
		};
		040A9F501A92508A008A2F2E /* Products */ = {
			isa = PBXGroup;
			children = (
				040A9F4F1A92508A008A2F2E /* Happiness.app */,
				040A9F641A92508A008A2F2E /* HappinessTests.xctest */,
			);
			name = Products;
			sourceTree = "<group>";
		};
		040A9F511A92508A008A2F2E /* Happiness */ = {
			isa = PBXGroup;
			children = (
				040A9F541A92508A008A2F2E /* AppDelegate.swift */,
				040A9F561A92508A008A2F2E /* ViewController.swift */,
				040A9F581A92508A008A2F2E /* Main.storyboard */,
				040A9F5B1A92508A008A2F2E /* Images.xcassets */,
				040A9F5D1A92508A008A2F2E /* LaunchScreen.xib */,
				040A9F521A92508A008A2F2E /* Supporting Files */,
			);
			path = Happiness;
			sourceTree = "<group>";
		};
		040A9F521A92508A008A2F2E /* Supporting Files */ = {
			isa = PBXGroup;
			children = (
				040A9F531A92508A008A2F2E /* Info.plist */,
			);
			name = "Supporting Files";
			sourceTree = "<group>";
		};
		040A9F671A92508A008A2F2E /* HappinessTests */ = {
			isa = PBXGroup;
			children = (
				040A9F6A1A92508A008A2F2E /* HappinessTests.swift */,
				040A9F681A92508A008A2F2E /* Supporting Files */,
			);
			path = HappinessTests;
			sourceTree = "<group>";
		};
		040A9F681A92508A008A2F2E /* Supporting Files */ = {
			isa = PBXGroup;
			children = (
				040A9F691A92508A008A2F2E /* Info.plist */,
			);
			name = "Supporting Files";
			sourceTree = "<group>";
		};
/* End PBXGroup section */

/* Begin PBXNativeTarget section */
		040A9F4E1A92508A008A2F2E /* Happiness */ = {
			isa = PBXNativeTarget;
			buildConfigurationList = 040A9F6E1A92508A008A2F2E /* Build configuration list for PBXNativeTarget "Happiness" */;
			buildPhases = (
				040A9F4B1A92508A008A2F2E /* Sources */,
				040A9F4C1A92508A008A2F2E /* Frameworks */,
				040A9F4D1A92508A008A2F2E /* Resources */,
			);
			buildRules = (
			);
			dependencies = (
			);
			name = Happiness;
			productName = Happiness;
			productReference = 040A9F4F1A92508A008A2F2E /* Happiness.app */;
			productType = "com.apple.product-type.application";
		};
		040A9F631A92508A008A2F2E /* HappinessTests */ = {
			isa = PBXNativeTarget;
			buildConfigurationList = 040A9F711A92508A008A2F2E /* Build configuration list for PBXNativeTarget "HappinessTests" */;
			buildPhases = (
				040A9F601A92508A008A2F2E /* Sources */,
				040A9F611A92508A008A2F2E /* Frameworks */,
				040A9F621A92508A008A2F2E /* Resources */,
			);
			buildRules = (
			);
			dependencies = (
				040A9F661A92508A008A2F2E /* PBXTargetDependency */,
			);
			name = HappinessTests;
			productName = HappinessTests;
			productReference = 040A9F641A92508A008A2F2E /* HappinessTests.xctest */;
			productType = "com.apple.product-type.bundle.unit-test";
		};
/* End PBXNativeTarget section */

/* Begin PBXProject section */
		040A9F471A92508A008A2F2E /* Project object */ = {
			isa = PBXProject;
			attributes = {
				LastUpgradeCheck = 0610;
				ORGANIZATIONNAME = "Das, Ananya";
				TargetAttributes = {
					040A9F4E1A92508A008A2F2E = {
						CreatedOnToolsVersion = 6.1.1;
					};
					040A9F631A92508A008A2F2E = {
						CreatedOnToolsVersion = 6.1.1;
						TestTargetID = 040A9F4E1A92508A008A2F2E;
					};
				};
			};
			buildConfigurationList = 040A9F4A1A92508A008A2F2E /* Build configuration list for PBXProject "Happiness" */;
			compatibilityVersion = "Xcode 3.2";
			developmentRegion = English;
			hasScannedForEncodings = 0;
			knownRegions = (
				en,
				Base,
			);
			mainGroup = 040A9F461A92508A008A2F2E;
			productRefGroup = 040A9F501A92508A008A2F2E /* Products */;
			projectDirPath = "";
			projectRoot = "";
			targets = (
				040A9F4E1A92508A008A2F2E /* Happiness */,
				040A9F631A92508A008A2F2E /* HappinessTests */,
			);
		};
/* End PBXProject section */

/* Begin PBXResourcesBuildPhase section */
		040A9F4D1A92508A008A2F2E /* Resources */ = {
			isa = PBXResourcesBuildPhase;
			buildActionMask = 2147483647;
			files = (
				040A9F5A1A92508A008A2F2E /* Main.storyboard in Resources */,
				040A9F5F1A92508A008A2F2E /* LaunchScreen.xib in Resources */,
				040A9F5C1A92508A008A2F2E /* Images.xcassets in Resources */,
			);
			runOnlyForDeploymentPostprocessing = 0;
		};
		040A9F621A92508A008A2F2E /* Resources */ = {
			isa = PBXResourcesBuildPhase;
			buildActionMask = 2147483647;
			files = (
			);
			runOnlyForDeploymentPostprocessing = 0;
		};
/* End PBXResourcesBuildPhase section */

/* Begin PBXSourcesBuildPhase section */
		040A9F4B1A92508A008A2F2E /* Sources */ = {
			isa = PBXSourcesBuildPhase;
			buildActionMask = 2147483647;
			files = (
				040A9F571A92508A008A2F2E /* ViewController.swift in Sources */,
				040A9F551A92508A008A2F2E /* AppDelegate.swift in Sources */,
			);
			runOnlyForDeploymentPostprocessing = 0;
		};
		040A9F601A92508A008A2F2E /* Sources */ = {
			isa = PBXSourcesBuildPhase;
			buildActionMask = 2147483647;
			files = (
				040A9F6B1A92508A008A2F2E /* HappinessTests.swift in Sources */,
			);
			runOnlyForDeploymentPostprocessing = 0;
		};
/* End PBXSourcesBuildPhase section */

/* Begin PBXTargetDependency section */
		040A9F661A92508A008A2F2E /* PBXTargetDependency */ = {
			isa = PBXTargetDependency;
			target = 040A9F4E1A92508A008A2F2E /* Happiness */;
			targetProxy = 040A9F651A92508A008A2F2E /* PBXContainerItemProxy */;
		};
/* End PBXTargetDependency section */

/* Begin PBXVariantGroup section */
		040A9F581A92508A008A2F2E /* Main.storyboard */ = {
			isa = PBXVariantGroup;
			children = (
				040A9F591A92508A008A2F2E /* Base */,
			);
			name = Main.storyboard;
			sourceTree = "<group>";
		};
		040A9F5D1A92508A008A2F2E /* LaunchScreen.xib */ = {
			isa = PBXVariantGroup;
			children = (
				040A9F5E1A92508A008A2F2E /* Base */,
			);
			name = LaunchScreen.xib;
			sourceTree = "<group>";
		};
/* End PBXVariantGroup section */

/* Begin XCBuildConfiguration section */
		040A9F6C1A92508A008A2F2E /* Debug */ = {
			isa = XCBuildConfiguration;
			buildSettings = {
				ALWAYS_SEARCH_USER_PATHS = NO;
				CLANG_CXX_LANGUAGE_STANDARD = "gnu++0x";
				CLANG_CXX_LIBRARY = "libc++";
				CLANG_ENABLE_MODULES = YES;
				CLANG_ENABLE_OBJC_ARC = YES;
				CLANG_WARN_BOOL_CONVERSION = YES;
				CLANG_WARN_CONSTANT_CONVERSION = YES;
				CLANG_WARN_DIRECT_OBJC_ISA_USAGE = YES_ERROR;
				CLANG_WARN_EMPTY_BODY = YES;
				CLANG_WARN_ENUM_CONVERSION = YES;
				CLANG_WARN_INT_CONVERSION = YES;
				CLANG_WARN_OBJC_ROOT_CLASS = YES_ERROR;
				CLANG_WARN_UNREACHABLE_CODE = YES;
				CLANG_WARN__DUPLICATE_METHOD_MATCH = YES;
				"CODE_SIGN_IDENTITY[sdk=iphoneos*]" = "iPhone Developer";
				COPY_PHASE_STRIP = NO;
				ENABLE_STRICT_OBJC_MSGSEND = YES;
				GCC_C_LANGUAGE_STANDARD = gnu99;
				GCC_DYNAMIC_NO_PIC = NO;
				GCC_OPTIMIZATION_LEVEL = 0;
				GCC_PREPROCESSOR_DEFINITIONS = (
					"DEBUG=1",
					"$(inherited)",
				);
				GCC_SYMBOLS_PRIVATE_EXTERN = NO;
				GCC_WARN_64_TO_32_BIT_CONVERSION = YES;
				GCC_WARN_ABOUT_RETURN_TYPE = YES_ERROR;
				GCC_WARN_UNDECLARED_SELECTOR = YES;
				GCC_WARN_UNINITIALIZED_AUTOS = YES_AGGRESSIVE;
				GCC_WARN_UNUSED_FUNCTION = YES;
				GCC_WARN_UNUSED_VARIABLE = YES;
				IPHONEOS_DEPLOYMENT_TARGET = 8.1;
				MTL_ENABLE_DEBUG_INFO = YES;
				ONLY_ACTIVE_ARCH = YES;
				SDKROOT = iphoneos;
				SWIFT_OPTIMIZATION_LEVEL = "-Onone";
			};
			name = Debug;
		};
		040A9F6D1A92508A008A2F2E /* Release */ = {
			isa = XCBuildConfiguration;
			buildSettings = {
				ALWAYS_SEARCH_USER_PATHS = NO;
				CLANG_CXX_LANGUAGE_STANDARD = "gnu++0x";
				CLANG_CXX_LIBRARY = "libc++";
				CLANG_ENABLE_MODULES = YES;
				CLANG_ENABLE_OBJC_ARC = YES;
				CLANG_WARN_BOOL_CONVERSION = YES;
				CLANG_WARN_CONSTANT_CONVERSION = YES;
				CLANG_WARN_DIRECT_OBJC_ISA_USAGE = YES_ERROR;
				CLANG_WARN_EMPTY_BODY = YES;
				CLANG_WARN_ENUM_CONVERSION = YES;
				CLANG_WARN_INT_CONVERSION = YES;
				CLANG_WARN_OBJC_ROOT_CLASS = YES_ERROR;
				CLANG_WARN_UNREACHABLE_CODE = YES;
				CLANG_WARN__DUPLICATE_METHOD_MATCH = YES;
				"CODE_SIGN_IDENTITY[sdk=iphoneos*]" = "iPhone Developer";
				COPY_PHASE_STRIP = YES;
				ENABLE_NS_ASSERTIONS = NO;
				ENABLE_STRICT_OBJC_MSGSEND = YES;
				GCC_C_LANGUAGE_STANDARD = gnu99;
				GCC_WARN_64_TO_32_BIT_CONVERSION = YES;
				GCC_WARN_ABOUT_RETURN_TYPE = YES_ERROR;
				GCC_WARN_UNDECLARED_SELECTOR = YES;
				GCC_WARN_UNINITIALIZED_AUTOS = YES_AGGRESSIVE;
				GCC_WARN_UNUSED_FUNCTION = YES;
				GCC_WARN_UNUSED_VARIABLE = YES;
				IPHONEOS_DEPLOYMENT_TARGET = 8.1;
				MTL_ENABLE_DEBUG_INFO = NO;
				SDKROOT = iphoneos;
				VALIDATE_PRODUCT = YES;
			};
			name = Release;
		};
		040A9F6F1A92508A008A2F2E /* Debug */ = {
			isa = XCBuildConfiguration;
			buildSettings = {
				ASSETCATALOG_COMPILER_APPICON_NAME = AppIcon;
				INFOPLIST_FILE = Happiness/Info.plist;
				LD_RUNPATH_SEARCH_PATHS = "$(inherited) @executable_path/Frameworks";
				PRODUCT_NAME = "$(TARGET_NAME)";
			};
			name = Debug;
		};
		040A9F701A92508A008A2F2E /* Release */ = {
			isa = XCBuildConfiguration;
			buildSettings = {
				ASSETCATALOG_COMPILER_APPICON_NAME = AppIcon;
				INFOPLIST_FILE = Happiness/Info.plist;
				LD_RUNPATH_SEARCH_PATHS = "$(inherited) @executable_path/Frameworks";
				PRODUCT_NAME = "$(TARGET_NAME)";
			};
			name = Release;
		};
		040A9F721A92508A008A2F2E /* Debug */ = {
			isa = XCBuildConfiguration;
			buildSettings = {
				BUNDLE_LOADER = "$(TEST_HOST)";
				FRAMEWORK_SEARCH_PATHS = (
					"$(SDKROOT)/Developer/Library/Frameworks",
					"$(inherited)",
				);
				GCC_PREPROCESSOR_DEFINITIONS = (
					"DEBUG=1",
					"$(inherited)",
				);
				INFOPLIST_FILE = HappinessTests/Info.plist;
				LD_RUNPATH_SEARCH_PATHS = "$(inherited) @executable_path/Frameworks @loader_path/Frameworks";
				PRODUCT_NAME = "$(TARGET_NAME)";
				TEST_HOST = "$(BUILT_PRODUCTS_DIR)/Happiness.app/Happiness";
			};
			name = Debug;
		};
		040A9F731A92508A008A2F2E /* Release */ = {
			isa = XCBuildConfiguration;
			buildSettings = {
				BUNDLE_LOADER = "$(TEST_HOST)";
				FRAMEWORK_SEARCH_PATHS = (
					"$(SDKROOT)/Developer/Library/Frameworks",
					"$(inherited)",
				);
				INFOPLIST_FILE = HappinessTests/Info.plist;
				LD_RUNPATH_SEARCH_PATHS = "$(inherited) @executable_path/Frameworks @loader_path/Frameworks";
				PRODUCT_NAME = "$(TARGET_NAME)";
				TEST_HOST = "$(BUILT_PRODUCTS_DIR)/Happiness.app/Happiness";
			};
			name = Release;
		};
/* End XCBuildConfiguration section */

/* Begin XCConfigurationList section */
		040A9F4A1A92508A008A2F2E /* Build configuration list for PBXProject "Happiness" */ = {
			isa = XCConfigurationList;
			buildConfigurations = (
				040A9F6C1A92508A008A2F2E /* Debug */,
				040A9F6D1A92508A008A2F2E /* Release */,
			);
			defaultConfigurationIsVisible = 0;
			defaultConfigurationName = Release;
		};
		040A9F6E1A92508A008A2F2E /* Build configuration list for PBXNativeTarget "Happiness" */ = {
			isa = XCConfigurationList;
			buildConfigurations = (
				040A9F6F1A92508A008A2F2E /* Debug */,
				040A9F701A92508A008A2F2E /* Release */,
			);
			defaultConfigurationIsVisible = 0;
		};
		040A9F711A92508A008A2F2E /* Build configuration list for PBXNativeTarget "HappinessTests" */ = {
			isa = XCConfigurationList;
			buildConfigurations = (
				040A9F721A92508A008A2F2E /* Debug */,
				040A9F731A92508A008A2F2E /* Release */,
			);
			defaultConfigurationIsVisible = 0;
		};
/* End XCConfigurationList section */
	};
	rootObject = 040A9F471A92508A008A2F2E /* Project object */;
}
